PODS:
  - React/Core (1000.0.0):
    - React/cxxreact
    - Yoga (= 1000.0.0.React)
  - React/cxxreact (1000.0.0):
    - React/jschelpers
  - React/jschelpers (1000.0.0)
  - React/RCTAnimation (1000.0.0):
    - React/Core
  - React/RCTNetwork (1000.0.0):
    - React/Core
  - React/RCTText (1000.0.0):
    - React/Core
  - React/RCTWebSocket (1000.0.0):
    - React/Core
  - Yoga (1000.0.0.React)

DEPENDENCIES:
  - React/Core (from `./node_modules/react-native`)
  - React/RCTAnimation (from `./node_modules/react-native`)
  - React/RCTNetwork (from `./node_modules/react-native`)
  - React/RCTText (from `./node_modules/react-native`)
  - React/RCTWebSocket (from `./node_modules/react-native`)
  - Yoga (from `./node_modules/react-native/ReactCommon/yoga`)

EXTERNAL SOURCES:
  React:
    :path: "./node_modules/react-native"
  Yoga:
    :path: "./node_modules/react-native/ReactCommon/yoga"

SPEC CHECKSUMS:
  React: 7d8dfe78d217d793f42f84b9811fe70706260c86
  Yoga: 313225ad06136baaf76052e194e43c1011a5139a

PODFILE CHECKSUM: 3f25849947ef8ac8e1d7555502b1dd17a30c549e

COCOAPODS: 1.2.0
