// !$*UTF8*$!
{
	archiveVersion = 1;
	classes = {
	};
	objectVersion = 46;
	objects = {

/* Begin PBXBuildFile section */
		341871F57061379FD2CBDB56 /* libPods-ExampleProject.a in Frameworks */ = {isa = PBXBuildFile; fileRef = AF00AFDE44FA2F3EA4148EB6 /* libPods-ExampleProject.a */; };
		414FCC97F49D1278F7F95A9B /* libPods-ExampleProjectUITests.a in Frameworks */ = {isa = PBXBuildFile; fileRef = FCD2D05E7DDDB6953E94C242 /* libPods-ExampleProjectUITests.a */; };
		6CDCD0104C9D904EE2624B55 /* libPods-ExampleProjectTests.a in Frameworks */ = {isa = PBXBuildFile; fileRef = 2581F42B07DB56734E819885 /* libPods-ExampleProjectTests.a */; };
		AA3B66831E12B40C005480AC /* main.m in Sources */ = {isa = PBXBuildFile; fileRef = AA3B66821E12B40C005480AC /* main.m */; };
		AA3B66861E12B40C005480AC /* AppDelegate.m in Sources */ = {isa = PBXBuildFile; fileRef = AA3B66851E12B40C005480AC /* AppDelegate.m */; };
		AA3B66891E12B40C005480AC /* ViewController.m in Sources */ = {isa = PBXBuildFile; fileRef = AA3B66881E12B40C005480AC /* ViewController.m */; };
		AA3B668C1E12B40C005480AC /* Main.storyboard in Resources */ = {isa = PBXBuildFile; fileRef = AA3B668A1E12B40C005480AC /* Main.storyboard */; };
		AA3B668E1E12B40C005480AC /* Assets.xcassets in Resources */ = {isa = PBXBuildFile; fileRef = AA3B668D1E12B40C005480AC /* Assets.xcassets */; };
		AA3B66911E12B40C005480AC /* LaunchScreen.storyboard in Resources */ = {isa = PBXBuildFile; fileRef = AA3B668F1E12B40C005480AC /* LaunchScreen.storyboard */; };
		AA3B669C1E12B40C005480AC /* ExampleProjectTests.m in Sources */ = {isa = PBXBuildFile; fileRef = AA3B669B1E12B40C005480AC /* ExampleProjectTests.m */; };
		AA3B66A71E12B40C005480AC /* ExampleProjectUITests.m in Sources */ = {isa = PBXBuildFile; fileRef = AA3B66A61E12B40C005480AC /* ExampleProjectUITests.m */; };
/* End PBXBuildFile section */

/* Begin PBXContainerItemProxy section */
		AA3B66981E12B40C005480AC /* PBXContainerItemProxy */ = {
			isa = PBXContainerItemProxy;
			containerPortal = AA3B66761E12B40C005480AC /* Project object */;
			proxyType = 1;
			remoteGlobalIDString = AA3B667D1E12B40C005480AC;
			remoteInfo = ExampleProject;
		};
		AA3B66A31E12B40C005480AC /* PBXContainerItemProxy */ = {
			isa = PBXContainerItemProxy;
			containerPortal = AA3B66761E12B40C005480AC /* Project object */;
			proxyType = 1;
			remoteGlobalIDString = AA3B667D1E12B40C005480AC;
			remoteInfo = ExampleProject;
		};
/* End PBXContainerItemProxy section */

/* Begin PBXFileReference section */
		0F23E018A897A921C853CC7E /* Pods-ExampleProjectUITests.debug.xcconfig */ = {isa = PBXFileReference; includeInIndex = 1; lastKnownFileType = text.xcconfig; name = "Pods-ExampleProjectUITests.debug.xcconfig"; path = "Pods/Target Support Files/Pods-ExampleProjectUITests/Pods-ExampleProjectUITests.debug.xcconfig"; sourceTree = "<group>"; };
		1CF824165DE65E0BDD083A22 /* Pods-ExampleProjectTests.release.xcconfig */ = {isa = PBXFileReference; includeInIndex = 1; lastKnownFileType = text.xcconfig; name = "Pods-ExampleProjectTests.release.xcconfig"; path = "Pods/Target Support Files/Pods-ExampleProjectTests/Pods-ExampleProjectTests.release.xcconfig"; sourceTree = "<group>"; };
		2581F42B07DB56734E819885 /* libPods-ExampleProjectTests.a */ = {isa = PBXFileReference; explicitFileType = archive.ar; includeInIndex = 0; path = "libPods-ExampleProjectTests.a"; sourceTree = BUILT_PRODUCTS_DIR; };
		A654E44F81E07F35F866D81F /* Pods-ExampleProjectTests.debug.xcconfig */ = {isa = PBXFileReference; includeInIndex = 1; lastKnownFileType = text.xcconfig; name = "Pods-ExampleProjectTests.debug.xcconfig"; path = "Pods/Target Support Files/Pods-ExampleProjectTests/Pods-ExampleProjectTests.debug.xcconfig"; sourceTree = "<group>"; };
		AA3B667E1E12B40C005480AC /* ExampleProject.app */ = {isa = PBXFileReference; explicitFileType = wrapper.application; includeInIndex = 0; path = ExampleProject.app; sourceTree = BUILT_PRODUCTS_DIR; };
		AA3B66821E12B40C005480AC /* main.m */ = {isa = PBXFileReference; lastKnownFileType = sourcecode.c.objc; path = main.m; sourceTree = "<group>"; };
		AA3B66841E12B40C005480AC /* AppDelegate.h */ = {isa = PBXFileReference; lastKnownFileType = sourcecode.c.h; path = AppDelegate.h; sourceTree = "<group>"; };
		AA3B66851E12B40C005480AC /* AppDelegate.m */ = {isa = PBXFileReference; lastKnownFileType = sourcecode.c.objc; path = AppDelegate.m; sourceTree = "<group>"; };
		AA3B66871E12B40C005480AC /* ViewController.h */ = {isa = PBXFileReference; lastKnownFileType = sourcecode.c.h; path = ViewController.h; sourceTree = "<group>"; };
		AA3B66881E12B40C005480AC /* ViewController.m */ = {isa = PBXFileReference; lastKnownFileType = sourcecode.c.objc; path = ViewController.m; sourceTree = "<group>"; };
		AA3B668B1E12B40C005480AC /* Base */ = {isa = PBXFileReference; lastKnownFileType = file.storyboard; name = Base; path = Base.lproj/Main.storyboard; sourceTree = "<group>"; };
		AA3B668D1E12B40C005480AC /* Assets.xcassets */ = {isa = PBXFileReference; lastKnownFileType = folder.assetcatalog; path = Assets.xcassets; sourceTree = "<group>"; };
		AA3B66901E12B40C005480AC /* Base */ = {isa = PBXFileReference; lastKnownFileType = file.storyboard; name = Base; path = Base.lproj/LaunchScreen.storyboard; sourceTree = "<group>"; };
		AA3B66921E12B40C005480AC /* Info.plist */ = {isa = PBXFileReference; lastKnownFileType = text.plist.xml; path = Info.plist; sourceTree = "<group>"; };
		AA3B66971E12B40C005480AC /* ExampleProjectTests.xctest */ = {isa = PBXFileReference; explicitFileType = wrapper.cfbundle; includeInIndex = 0; path = ExampleProjectTests.xctest; sourceTree = BUILT_PRODUCTS_DIR; };
		AA3B669B1E12B40C005480AC /* ExampleProjectTests.m */ = {isa = PBXFileReference; lastKnownFileType = sourcecode.c.objc; path = ExampleProjectTests.m; sourceTree = "<group>"; };
		AA3B669D1E12B40C005480AC /* Info.plist */ = {isa = PBXFileReference; lastKnownFileType = text.plist.xml; path = Info.plist; sourceTree = "<group>"; };
		AA3B66A21E12B40C005480AC /* ExampleProjectUITests.xctest */ = {isa = PBXFileReference; explicitFileType = wrapper.cfbundle; includeInIndex = 0; path = ExampleProjectUITests.xctest; sourceTree = BUILT_PRODUCTS_DIR; };
		AA3B66A61E12B40C005480AC /* ExampleProjectUITests.m */ = {isa = PBXFileReference; lastKnownFileType = sourcecode.c.objc; path = ExampleProjectUITests.m; sourceTree = "<group>"; };
		AA3B66A81E12B40C005480AC /* Info.plist */ = {isa = PBXFileReference; lastKnownFileType = text.plist.xml; path = Info.plist; sourceTree = "<group>"; };
		AF00AFDE44FA2F3EA4148EB6 /* libPods-ExampleProject.a */ = {isa = PBXFileReference; explicitFileType = archive.ar; includeInIndex = 0; path = "libPods-ExampleProject.a"; sourceTree = BUILT_PRODUCTS_DIR; };
		B1DFA89620D6725BF9A3B837 /* Pods-ExampleProjectUITests.release.xcconfig */ = {isa = PBXFileReference; includeInIndex = 1; lastKnownFileType = text.xcconfig; name = "Pods-ExampleProjectUITests.release.xcconfig"; path = "Pods/Target Support Files/Pods-ExampleProjectUITests/Pods-ExampleProjectUITests.release.xcconfig"; sourceTree = "<group>"; };
		C8B8032B996A60781276AF4E /* Pods-ExampleProject.release.xcconfig */ = {isa = PBXFileReference; includeInIndex = 1; lastKnownFileType = text.xcconfig; name = "Pods-ExampleProject.release.xcconfig"; path = "Pods/Target Support Files/Pods-ExampleProject/Pods-ExampleProject.release.xcconfig"; sourceTree = "<group>"; };
		FCD2D05E7DDDB6953E94C242 /* libPods-ExampleProjectUITests.a */ = {isa = PBXFileReference; explicitFileType = archive.ar; includeInIndex = 0; path = "libPods-ExampleProjectUITests.a"; sourceTree = BUILT_PRODUCTS_DIR; };
		FF02066882AF667E50CFEFD9 /* Pods-ExampleProject.debug.xcconfig */ = {isa = PBXFileReference; includeInIndex = 1; lastKnownFileType = text.xcconfig; name = "Pods-ExampleProject.debug.xcconfig"; path = "Pods/Target Support Files/Pods-ExampleProject/Pods-ExampleProject.debug.xcconfig"; sourceTree = "<group>"; };
/* End PBXFileReference section */

/* Begin PBXFrameworksBuildPhase section */
		AA3B667B1E12B40C005480AC /* Frameworks */ = {
			isa = PBXFrameworksBuildPhase;
			buildActionMask = 2147483647;
			files = (
				341871F57061379FD2CBDB56 /* libPods-ExampleProject.a in Frameworks */,
			);
			runOnlyForDeploymentPostprocessing = 0;
		};
		AA3B66941E12B40C005480AC /* Frameworks */ = {
			isa = PBXFrameworksBuildPhase;
			buildActionMask = 2147483647;
			files = (
				6CDCD0104C9D904EE2624B55 /* libPods-ExampleProjectTests.a in Frameworks */,
			);
			runOnlyForDeploymentPostprocessing = 0;
		};
		AA3B669F1E12B40C005480AC /* Frameworks */ = {
			isa = PBXFrameworksBuildPhase;
			buildActionMask = 2147483647;
			files = (
				414FCC97F49D1278F7F95A9B /* libPods-ExampleProjectUITests.a in Frameworks */,
			);
			runOnlyForDeploymentPostprocessing = 0;
		};
/* End PBXFrameworksBuildPhase section */

/* Begin PBXGroup section */
		8A7D1C3DD72CB7B1BBF15182 /* Pods */ = {
			isa = PBXGroup;
			children = (
				FF02066882AF667E50CFEFD9 /* Pods-ExampleProject.debug.xcconfig */,
				C8B8032B996A60781276AF4E /* Pods-ExampleProject.release.xcconfig */,
				A654E44F81E07F35F866D81F /* Pods-ExampleProjectTests.debug.xcconfig */,
				1CF824165DE65E0BDD083A22 /* Pods-ExampleProjectTests.release.xcconfig */,
				0F23E018A897A921C853CC7E /* Pods-ExampleProjectUITests.debug.xcconfig */,
				B1DFA89620D6725BF9A3B837 /* Pods-ExampleProjectUITests.release.xcconfig */,
			);
			name = Pods;
			sourceTree = "<group>";
		};
		A20FB7670F6C33877DB940C2 /* Frameworks */ = {
			isa = PBXGroup;
			children = (
				AF00AFDE44FA2F3EA4148EB6 /* libPods-ExampleProject.a */,
				2581F42B07DB56734E819885 /* libPods-ExampleProjectTests.a */,
				FCD2D05E7DDDB6953E94C242 /* libPods-ExampleProjectUITests.a */,
			);
			name = Frameworks;
			sourceTree = "<group>";
		};
		AA3B66751E12B40C005480AC = {
			isa = PBXGroup;
			children = (
				AA3B66801E12B40C005480AC /* ExampleProject */,
				AA3B669A1E12B40C005480AC /* ExampleProjectTests */,
				AA3B66A51E12B40C005480AC /* ExampleProjectUITests */,
				AA3B667F1E12B40C005480AC /* Products */,
				8A7D1C3DD72CB7B1BBF15182 /* Pods */,
				A20FB7670F6C33877DB940C2 /* Frameworks */,
			);
			sourceTree = "<group>";
		};
		AA3B667F1E12B40C005480AC /* Products */ = {
			isa = PBXGroup;
			children = (
				AA3B667E1E12B40C005480AC /* ExampleProject.app */,
				AA3B66971E12B40C005480AC /* ExampleProjectTests.xctest */,
				AA3B66A21E12B40C005480AC /* ExampleProjectUITests.xctest */,
			);
			name = Products;
			sourceTree = "<group>";
		};
		AA3B66801E12B40C005480AC /* ExampleProject */ = {
			isa = PBXGroup;
			children = (
				AA3B66841E12B40C005480AC /* AppDelegate.h */,
				AA3B66851E12B40C005480AC /* AppDelegate.m */,
				AA3B66871E12B40C005480AC /* ViewController.h */,
				AA3B66881E12B40C005480AC /* ViewController.m */,
				AA3B668A1E12B40C005480AC /* Main.storyboard */,
				AA3B668D1E12B40C005480AC /* Assets.xcassets */,
				AA3B668F1E12B40C005480AC /* LaunchScreen.storyboard */,
				AA3B66921E12B40C005480AC /* Info.plist */,
				AA3B66811E12B40C005480AC /* Supporting Files */,
			);
			path = ExampleProject;
			sourceTree = "<group>";
		};
		AA3B66811E12B40C005480AC /* Supporting Files */ = {
			isa = PBXGroup;
			children = (
				AA3B66821E12B40C005480AC /* main.m */,
			);
			name = "Supporting Files";
			sourceTree = "<group>";
		};
		AA3B669A1E12B40C005480AC /* ExampleProjectTests */ = {
			isa = PBXGroup;
			children = (
				AA3B669B1E12B40C005480AC /* ExampleProjectTests.m */,
				AA3B669D1E12B40C005480AC /* Info.plist */,
			);
			path = ExampleProjectTests;
			sourceTree = "<group>";
		};
		AA3B66A51E12B40C005480AC /* ExampleProjectUITests */ = {
			isa = PBXGroup;
			children = (
				AA3B66A61E12B40C005480AC /* ExampleProjectUITests.m */,
				AA3B66A81E12B40C005480AC /* Info.plist */,
			);
			path = ExampleProjectUITests;
			sourceTree = "<group>";
		};
/* End PBXGroup section */

/* Begin PBXNativeTarget section */
		AA3B667D1E12B40C005480AC /* ExampleProject */ = {
			isa = PBXNativeTarget;
			buildConfigurationList = AA3B66AB1E12B40C005480AC /* Build configuration list for PBXNativeTarget "ExampleProject" */;
			buildPhases = (
				9CDD670142AA42179C210E8E /* [CP] Check Pods Manifest.lock */,
				AA3B667A1E12B40C005480AC /* Sources */,
				AA3B667B1E12B40C005480AC /* Frameworks */,
				AA3B667C1E12B40C005480AC /* Resources */,
				3143A1F54C6DDD1D498A1C35 /* [CP] Embed Pods Frameworks */,
				15A34E8E9B697359F7D1346A /* [CP] Copy Pods Resources */,
			);
			buildRules = (
			);
			dependencies = (
			);
			name = ExampleProject;
			productName = ExampleProject;
			productReference = AA3B667E1E12B40C005480AC /* ExampleProject.app */;
			productType = "com.apple.product-type.application";
		};
		AA3B66961E12B40C005480AC /* ExampleProjectTests */ = {
			isa = PBXNativeTarget;
			buildConfigurationList = AA3B66AE1E12B40C005480AC /* Build configuration list for PBXNativeTarget "ExampleProjectTests" */;
			buildPhases = (
				8B4E0791475D65FE7EF01CD0 /* [CP] Check Pods Manifest.lock */,
				AA3B66931E12B40C005480AC /* Sources */,
				AA3B66941E12B40C005480AC /* Frameworks */,
				AA3B66951E12B40C005480AC /* Resources */,
				F29504DEA9C0DDDA80444F99 /* [CP] Embed Pods Frameworks */,
				B66716602FE92B4EC443EFC4 /* [CP] Copy Pods Resources */,
			);
			buildRules = (
			);
			dependencies = (
				AA3B66991E12B40C005480AC /* PBXTargetDependency */,
			);
			name = ExampleProjectTests;
			productName = ExampleProjectTests;
			productReference = AA3B66971E12B40C005480AC /* ExampleProjectTests.xctest */;
			productType = "com.apple.product-type.bundle.unit-test";
		};
		AA3B66A11E12B40C005480AC /* ExampleProjectUITests */ = {
			isa = PBXNativeTarget;
			buildConfigurationList = AA3B66B11E12B40C005480AC /* Build configuration list for PBXNativeTarget "ExampleProjectUITests" */;
			buildPhases = (
				903BD7069AC875C3A4A90522 /* [CP] Check Pods Manifest.lock */,
				AA3B669E1E12B40C005480AC /* Sources */,
				AA3B669F1E12B40C005480AC /* Frameworks */,
				AA3B66A01E12B40C005480AC /* Resources */,
				43B4CC50FFC2582BA4F07F89 /* [CP] Embed Pods Frameworks */,
				13E33AA7F68CE44EA2B4A5C3 /* [CP] Copy Pods Resources */,
			);
			buildRules = (
			);
			dependencies = (
				AA3B66A41E12B40C005480AC /* PBXTargetDependency */,
			);
			name = ExampleProjectUITests;
			productName = ExampleProjectUITests;
			productReference = AA3B66A21E12B40C005480AC /* ExampleProjectUITests.xctest */;
			productType = "com.apple.product-type.bundle.ui-testing";
		};
/* End PBXNativeTarget section */

/* Begin PBXProject section */
		AA3B66761E12B40C005480AC /* Project object */ = {
			isa = PBXProject;
			attributes = {
				LastUpgradeCheck = 0820;
				ORGANIZATIONNAME = headless;
				TargetAttributes = {
					AA3B667D1E12B40C005480AC = {
						CreatedOnToolsVersion = 8.2.1;
						ProvisioningStyle = Automatic;
					};
					AA3B66961E12B40C005480AC = {
						CreatedOnToolsVersion = 8.2.1;
						ProvisioningStyle = Automatic;
						TestTargetID = AA3B667D1E12B40C005480AC;
					};
					AA3B66A11E12B40C005480AC = {
						CreatedOnToolsVersion = 8.2.1;
						ProvisioningStyle = Automatic;
						TestTargetID = AA3B667D1E12B40C005480AC;
					};
				};
			};
			buildConfigurationList = AA3B66791E12B40C005480AC /* Build configuration list for PBXProject "ExampleProject" */;
			compatibilityVersion = "Xcode 3.2";
			developmentRegion = English;
			hasScannedForEncodings = 0;
			knownRegions = (
				en,
				Base,
			);
			mainGroup = AA3B66751E12B40C005480AC;
			productRefGroup = AA3B667F1E12B40C005480AC /* Products */;
			projectDirPath = "";
			projectRoot = "";
			targets = (
				AA3B667D1E12B40C005480AC /* ExampleProject */,
				AA3B66961E12B40C005480AC /* ExampleProjectTests */,
				AA3B66A11E12B40C005480AC /* ExampleProjectUITests */,
			);
		};
/* End PBXProject section */

/* Begin PBXResourcesBuildPhase section */
		AA3B667C1E12B40C005480AC /* Resources */ = {
			isa = PBXResourcesBuildPhase;
			buildActionMask = 2147483647;
			files = (
				AA3B66911E12B40C005480AC /* LaunchScreen.storyboard in Resources */,
				AA3B668E1E12B40C005480AC /* Assets.xcassets in Resources */,
				AA3B668C1E12B40C005480AC /* Main.storyboard in Resources */,
			);
			runOnlyForDeploymentPostprocessing = 0;
		};
		AA3B66951E12B40C005480AC /* Resources */ = {
			isa = PBXResourcesBuildPhase;
			buildActionMask = 2147483647;
			files = (
			);
			runOnlyForDeploymentPostprocessing = 0;
		};
		AA3B66A01E12B40C005480AC /* Resources */ = {
			isa = PBXResourcesBuildPhase;
			buildActionMask = 2147483647;
			files = (
			);
			runOnlyForDeploymentPostprocessing = 0;
		};
/* End PBXResourcesBuildPhase section */

/* Begin PBXShellScriptBuildPhase section */
		13E33AA7F68CE44EA2B4A5C3 /* [CP] Copy Pods Resources */ = {
			isa = PBXShellScriptBuildPhase;
			buildActionMask = 2147483647;
			files = (
			);
			inputPaths = (
			);
			name = "[CP] Copy Pods Resources";
			outputPaths = (
			);
			runOnlyForDeploymentPostprocessing = 0;
			shellPath = /bin/sh;
			shellScript = "\"${SRCROOT}/Pods/Target Support Files/Pods-ExampleProjectUITests/Pods-ExampleProjectUITests-resources.sh\"\n";
			showEnvVarsInLog = 0;
		};
		15A34E8E9B697359F7D1346A /* [CP] Copy Pods Resources */ = {
			isa = PBXShellScriptBuildPhase;
			buildActionMask = 2147483647;
			files = (
			);
			inputPaths = (
			);
			name = "[CP] Copy Pods Resources";
			outputPaths = (
			);
			runOnlyForDeploymentPostprocessing = 0;
			shellPath = /bin/sh;
			shellScript = "\"${SRCROOT}/Pods/Target Support Files/Pods-ExampleProject/Pods-ExampleProject-resources.sh\"\n";
			showEnvVarsInLog = 0;
		};
		3143A1F54C6DDD1D498A1C35 /* [CP] Embed Pods Frameworks */ = {
			isa = PBXShellScriptBuildPhase;
			buildActionMask = 2147483647;
			files = (
			);
			inputPaths = (
			);
			name = "[CP] Embed Pods Frameworks";
			outputPaths = (
			);
			runOnlyForDeploymentPostprocessing = 0;
			shellPath = /bin/sh;
			shellScript = "\"${SRCROOT}/Pods/Target Support Files/Pods-ExampleProject/Pods-ExampleProject-frameworks.sh\"\n";
			showEnvVarsInLog = 0;
		};
		43B4CC50FFC2582BA4F07F89 /* [CP] Embed Pods Frameworks */ = {
			isa = PBXShellScriptBuildPhase;
			buildActionMask = 2147483647;
			files = (
			);
			inputPaths = (
			);
			name = "[CP] Embed Pods Frameworks";
			outputPaths = (
			);
			runOnlyForDeploymentPostprocessing = 0;
			shellPath = /bin/sh;
			shellScript = "\"${SRCROOT}/Pods/Target Support Files/Pods-ExampleProjectUITests/Pods-ExampleProjectUITests-frameworks.sh\"\n";
			showEnvVarsInLog = 0;
		};
		8B4E0791475D65FE7EF01CD0 /* [CP] Check Pods Manifest.lock */ = {
			isa = PBXShellScriptBuildPhase;
			buildActionMask = 2147483647;
			files = (
			);
			inputPaths = (
			);
			name = "[CP] Check Pods Manifest.lock";
			outputPaths = (
			);
			runOnlyForDeploymentPostprocessing = 0;
			shellPath = /bin/sh;
			shellScript = "diff \"${PODS_ROOT}/../Podfile.lock\" \"${PODS_ROOT}/Manifest.lock\" > /dev/null\nif [ $? != 0 ] ; then\n    # print error to STDERR\n    echo \"error: The sandbox is not in sync with the Podfile.lock. Run 'pod install' or update your CocoaPods installation.\" >&2\n    exit 1\nfi\n";
			showEnvVarsInLog = 0;
		};
		903BD7069AC875C3A4A90522 /* [CP] Check Pods Manifest.lock */ = {
			isa = PBXShellScriptBuildPhase;
			buildActionMask = 2147483647;
			files = (
			);
			inputPaths = (
			);
			name = "[CP] Check Pods Manifest.lock";
			outputPaths = (
			);
			runOnlyForDeploymentPostprocessing = 0;
			shellPath = /bin/sh;
			shellScript = "diff \"${PODS_ROOT}/../Podfile.lock\" \"${PODS_ROOT}/Manifest.lock\" > /dev/null\nif [ $? != 0 ] ; then\n    # print error to STDERR\n    echo \"error: The sandbox is not in sync with the Podfile.lock. Run 'pod install' or update your CocoaPods installation.\" >&2\n    exit 1\nfi\n";
			showEnvVarsInLog = 0;
		};
		9CDD670142AA42179C210E8E /* [CP] Check Pods Manifest.lock */ = {
			isa = PBXShellScriptBuildPhase;
			buildActionMask = 2147483647;
			files = (
			);
			inputPaths = (
			);
			name = "[CP] Check Pods Manifest.lock";
			outputPaths = (
			);
			runOnlyForDeploymentPostprocessing = 0;
			shellPath = /bin/sh;
			shellScript = "diff \"${PODS_ROOT}/../Podfile.lock\" \"${PODS_ROOT}/Manifest.lock\" > /dev/null\nif [ $? != 0 ] ; then\n    # print error to STDERR\n    echo \"error: The sandbox is not in sync with the Podfile.lock. Run 'pod install' or update your CocoaPods installation.\" >&2\n    exit 1\nfi\n";
			showEnvVarsInLog = 0;
		};
		B66716602FE92B4EC443EFC4 /* [CP] Copy Pods Resources */ = {
			isa = PBXShellScriptBuildPhase;
			buildActionMask = 2147483647;
			files = (
			);
			inputPaths = (
			);
			name = "[CP] Copy Pods Resources";
			outputPaths = (
			);
			runOnlyForDeploymentPostprocessing = 0;
			shellPath = /bin/sh;
			shellScript = "\"${SRCROOT}/Pods/Target Support Files/Pods-ExampleProjectTests/Pods-ExampleProjectTests-resources.sh\"\n";
			showEnvVarsInLog = 0;
		};
		F29504DEA9C0DDDA80444F99 /* [CP] Embed Pods Frameworks */ = {
			isa = PBXShellScriptBuildPhase;
			buildActionMask = 2147483647;
			files = (
			);
			inputPaths = (
			);
			name = "[CP] Embed Pods Frameworks";
			outputPaths = (
			);
			runOnlyForDeploymentPostprocessing = 0;
			shellPath = /bin/sh;
			shellScript = "\"${SRCROOT}/Pods/Target Support Files/Pods-ExampleProjectTests/Pods-ExampleProjectTests-frameworks.sh\"\n";
			showEnvVarsInLog = 0;
		};
/* End PBXShellScriptBuildPhase section */

/* Begin PBXSourcesBuildPhase section */
		AA3B667A1E12B40C005480AC /* Sources */ = {
			isa = PBXSourcesBuildPhase;
			buildActionMask = 2147483647;
			files = (
				AA3B66891E12B40C005480AC /* ViewController.m in Sources */,
				AA3B66861E12B40C005480AC /* AppDelegate.m in Sources */,
				AA3B66831E12B40C005480AC /* main.m in Sources */,
			);
			runOnlyForDeploymentPostprocessing = 0;
		};
		AA3B66931E12B40C005480AC /* Sources */ = {
			isa = PBXSourcesBuildPhase;
			buildActionMask = 2147483647;
			files = (
				AA3B669C1E12B40C005480AC /* ExampleProjectTests.m in Sources */,
			);
			runOnlyForDeploymentPostprocessing = 0;
		};
		AA3B669E1E12B40C005480AC /* Sources */ = {
			isa = PBXSourcesBuildPhase;
			buildActionMask = 2147483647;
			files = (
				AA3B66A71E12B40C005480AC /* ExampleProjectUITests.m in Sources */,
			);
			runOnlyForDeploymentPostprocessing = 0;
		};
/* End PBXSourcesBuildPhase section */

/* Begin PBXTargetDependency section */
		AA3B66991E12B40C005480AC /* PBXTargetDependency */ = {
			isa = PBXTargetDependency;
			target = AA3B667D1E12B40C005480AC /* ExampleProject */;
			targetProxy = AA3B66981E12B40C005480AC /* PBXContainerItemProxy */;
		};
		AA3B66A41E12B40C005480AC /* PBXTargetDependency */ = {
			isa = PBXTargetDependency;
			target = AA3B667D1E12B40C005480AC /* ExampleProject */;
			targetProxy = AA3B66A31E12B40C005480AC /* PBXContainerItemProxy */;
		};
/* End PBXTargetDependency section */

/* Begin PBXVariantGroup section */
		AA3B668A1E12B40C005480AC /* Main.storyboard */ = {
			isa = PBXVariantGroup;
			children = (
				AA3B668B1E12B40C005480AC /* Base */,
			);
			name = Main.storyboard;
			sourceTree = "<group>";
		};
		AA3B668F1E12B40C005480AC /* LaunchScreen.storyboard */ = {
			isa = PBXVariantGroup;
			children = (
				AA3B66901E12B40C005480AC /* Base */,
			);
			name = LaunchScreen.storyboard;
			sourceTree = "<group>";
		};
/* End PBXVariantGroup section */

/* Begin XCBuildConfiguration section */
		AA3B66A91E12B40C005480AC /* Debug */ = {
			isa = XCBuildConfiguration;
			buildSettings = {
				ALWAYS_SEARCH_USER_PATHS = NO;
				CLANG_ANALYZER_NONNULL = YES;
				CLANG_CXX_LANGUAGE_STANDARD = "gnu++0x";
				CLANG_CXX_LIBRARY = "libc++";
				CLANG_ENABLE_MODULES = YES;
				CLANG_ENABLE_OBJC_ARC = YES;
				CLANG_WARN_BOOL_CONVERSION = YES;
				CLANG_WARN_CONSTANT_CONVERSION = YES;
				CLANG_WARN_DIRECT_OBJC_ISA_USAGE = YES_ERROR;
				CLANG_WARN_DOCUMENTATION_COMMENTS = YES;
				CLANG_WARN_EMPTY_BODY = YES;
				CLANG_WARN_ENUM_CONVERSION = YES;
				CLANG_WARN_INFINITE_RECURSION = YES;
				CLANG_WARN_INT_CONVERSION = YES;
				CLANG_WARN_OBJC_ROOT_CLASS = YES_ERROR;
				CLANG_WARN_SUSPICIOUS_MOVE = YES;
				CLANG_WARN_UNREACHABLE_CODE = YES;
				CLANG_WARN__DUPLICATE_METHOD_MATCH = YES;
				"CODE_SIGN_IDENTITY[sdk=iphoneos*]" = "iPhone Developer";
				COPY_PHASE_STRIP = NO;
				DEBUG_INFORMATION_FORMAT = dwarf;
				ENABLE_STRICT_OBJC_MSGSEND = YES;
				ENABLE_TESTABILITY = YES;
				GCC_C_LANGUAGE_STANDARD = gnu99;
				GCC_DYNAMIC_NO_PIC = NO;
				GCC_NO_COMMON_BLOCKS = YES;
				GCC_OPTIMIZATION_LEVEL = 0;
				GCC_PREPROCESSOR_DEFINITIONS = (
					"DEBUG=1",
					"$(inherited)",
				);
				GCC_WARN_64_TO_32_BIT_CONVERSION = YES;
				GCC_WARN_ABOUT_RETURN_TYPE = YES_ERROR;
				GCC_WARN_UNDECLARED_SELECTOR = YES;
				GCC_WARN_UNINITIALIZED_AUTOS = YES_AGGRESSIVE;
				GCC_WARN_UNUSED_FUNCTION = YES;
				GCC_WARN_UNUSED_VARIABLE = YES;
				IPHONEOS_DEPLOYMENT_TARGET = 10.2;
				MTL_ENABLE_DEBUG_INFO = YES;
				ONLY_ACTIVE_ARCH = YES;
				SDKROOT = iphoneos;
				TARGETED_DEVICE_FAMILY = "1,2";
			};
			name = Debug;
		};
		AA3B66AA1E12B40C005480AC /* Release */ = {
			isa = XCBuildConfiguration;
			buildSettings = {
				ALWAYS_SEARCH_USER_PATHS = NO;
				CLANG_ANALYZER_NONNULL = YES;
				CLANG_CXX_LANGUAGE_STANDARD = "gnu++0x";
				CLANG_CXX_LIBRARY = "libc++";
				CLANG_ENABLE_MODULES = YES;
				CLANG_ENABLE_OBJC_ARC = YES;
				CLANG_WARN_BOOL_CONVERSION = YES;
				CLANG_WARN_CONSTANT_CONVERSION = YES;
				CLANG_WARN_DIRECT_OBJC_ISA_USAGE = YES_ERROR;
				CLANG_WARN_DOCUMENTATION_COMMENTS = YES;
				CLANG_WARN_EMPTY_BODY = YES;
				CLANG_WARN_ENUM_CONVERSION = YES;
				CLANG_WARN_INFINITE_RECURSION = YES;
				CLANG_WARN_INT_CONVERSION = YES;
				CLANG_WARN_OBJC_ROOT_CLASS = YES_ERROR;
				CLANG_WARN_SUSPICIOUS_MOVE = YES;
				CLANG_WARN_UNREACHABLE_CODE = YES;
				CLANG_WARN__DUPLICATE_METHOD_MATCH = YES;
				"CODE_SIGN_IDENTITY[sdk=iphoneos*]" = "iPhone Developer";
				COPY_PHASE_STRIP = NO;
				DEBUG_INFORMATION_FORMAT = "dwarf-with-dsym";
				ENABLE_NS_ASSERTIONS = NO;
				ENABLE_STRICT_OBJC_MSGSEND = YES;
				GCC_C_LANGUAGE_STANDARD = gnu99;
				GCC_NO_COMMON_BLOCKS = YES;
				GCC_WARN_64_TO_32_BIT_CONVERSION = YES;
				GCC_WARN_ABOUT_RETURN_TYPE = YES_ERROR;
				GCC_WARN_UNDECLARED_SELECTOR = YES;
				GCC_WARN_UNINITIALIZED_AUTOS = YES_AGGRESSIVE;
				GCC_WARN_UNUSED_FUNCTION = YES;
				GCC_WARN_UNUSED_VARIABLE = YES;
				IPHONEOS_DEPLOYMENT_TARGET = 10.2;
				MTL_ENABLE_DEBUG_INFO = NO;
				SDKROOT = iphoneos;
				TARGETED_DEVICE_FAMILY = "1,2";
				VALIDATE_PRODUCT = YES;
			};
			name = Release;
		};
		AA3B66AC1E12B40C005480AC /* Debug */ = {
			isa = XCBuildConfiguration;
			baseConfigurationReference = FF02066882AF667E50CFEFD9 /* Pods-ExampleProject.debug.xcconfig */;
			buildSettings = {
				ASSETCATALOG_COMPILER_APPICON_NAME = AppIcon;
				INFOPLIST_FILE = ExampleProject/Info.plist;
				LD_RUNPATH_SEARCH_PATHS = "$(inherited) @executable_path/Frameworks";
				PRODUCT_BUNDLE_IDENTIFIER = skv.home.ExampleProject;
				PRODUCT_NAME = "$(TARGET_NAME)";
			};
			name = Debug;
		};
		AA3B66AD1E12B40C005480AC /* Release */ = {
			isa = XCBuildConfiguration;
			baseConfigurationReference = C8B8032B996A60781276AF4E /* Pods-ExampleProject.release.xcconfig */;
			buildSettings = {
				ASSETCATALOG_COMPILER_APPICON_NAME = AppIcon;
				INFOPLIST_FILE = ExampleProject/Info.plist;
				LD_RUNPATH_SEARCH_PATHS = "$(inherited) @executable_path/Frameworks";
				PRODUCT_BUNDLE_IDENTIFIER = skv.home.ExampleProject;
				PRODUCT_NAME = "$(TARGET_NAME)";
			};
			name = Release;
		};
		AA3B66AF1E12B40C005480AC /* Debug */ = {
			isa = XCBuildConfiguration;
			baseConfigurationReference = A654E44F81E07F35F866D81F /* Pods-ExampleProjectTests.debug.xcconfig */;
			buildSettings = {
				BUNDLE_LOADER = "$(TEST_HOST)";
				INFOPLIST_FILE = ExampleProjectTests/Info.plist;
				LD_RUNPATH_SEARCH_PATHS = "$(inherited) @executable_path/Frameworks @loader_path/Frameworks";
				PRODUCT_BUNDLE_IDENTIFIER = skv.home.ExampleProjectTests;
				PRODUCT_NAME = "$(TARGET_NAME)";
				TEST_HOST = "$(BUILT_PRODUCTS_DIR)/ExampleProject.app/ExampleProject";
			};
			name = Debug;
		};
		AA3B66B01E12B40C005480AC /* Release */ = {
			isa = XCBuildConfiguration;
			baseConfigurationReference = 1CF824165DE65E0BDD083A22 /* Pods-ExampleProjectTests.release.xcconfig */;
			buildSettings = {
				BUNDLE_LOADER = "$(TEST_HOST)";
				INFOPLIST_FILE = ExampleProjectTests/Info.plist;
				LD_RUNPATH_SEARCH_PATHS = "$(inherited) @executable_path/Frameworks @loader_path/Frameworks";
				PRODUCT_BUNDLE_IDENTIFIER = skv.home.ExampleProjectTests;
				PRODUCT_NAME = "$(TARGET_NAME)";
				TEST_HOST = "$(BUILT_PRODUCTS_DIR)/ExampleProject.app/ExampleProject";
			};
			name = Release;
		};
		AA3B66B21E12B40C005480AC /* Debug */ = {
			isa = XCBuildConfiguration;
			baseConfigurationReference = 0F23E018A897A921C853CC7E /* Pods-ExampleProjectUITests.debug.xcconfig */;
			buildSettings = {
				INFOPLIST_FILE = ExampleProjectUITests/Info.plist;
				LD_RUNPATH_SEARCH_PATHS = "$(inherited) @executable_path/Frameworks @loader_path/Frameworks";
				PRODUCT_BUNDLE_IDENTIFIER = skv.home.ExampleProjectUITests;
				PRODUCT_NAME = "$(TARGET_NAME)";
				TEST_TARGET_NAME = ExampleProject;
			};
			name = Debug;
		};
		AA3B66B31E12B40C005480AC /* Release */ = {
			isa = XCBuildConfiguration;
			baseConfigurationReference = B1DFA89620D6725BF9A3B837 /* Pods-ExampleProjectUITests.release.xcconfig */;
			buildSettings = {
				INFOPLIST_FILE = ExampleProjectUITests/Info.plist;
				LD_RUNPATH_SEARCH_PATHS = "$(inherited) @executable_path/Frameworks @loader_path/Frameworks";
				PRODUCT_BUNDLE_IDENTIFIER = skv.home.ExampleProjectUITests;
				PRODUCT_NAME = "$(TARGET_NAME)";
				TEST_TARGET_NAME = ExampleProject;
			};
			name = Release;
		};
/* End XCBuildConfiguration section */

/* Begin XCConfigurationList section */
		AA3B66791E12B40C005480AC /* Build configuration list for PBXProject "ExampleProject" */ = {
			isa = XCConfigurationList;
			buildConfigurations = (
				AA3B66A91E12B40C005480AC /* Debug */,
				AA3B66AA1E12B40C005480AC /* Release */,
			);
			defaultConfigurationIsVisible = 0;
			defaultConfigurationName = Release;
		};
		AA3B66AB1E12B40C005480AC /* Build configuration list for PBXNativeTarget "ExampleProject" */ = {
			isa = XCConfigurationList;
			buildConfigurations = (
				AA3B66AC1E12B40C005480AC /* Debug */,
				AA3B66AD1E12B40C005480AC /* Release */,
			);
			defaultConfigurationIsVisible = 0;
		};
		AA3B66AE1E12B40C005480AC /* Build configuration list for PBXNativeTarget "ExampleProjectTests" */ = {
			isa = XCConfigurationList;
			buildConfigurations = (
				AA3B66AF1E12B40C005480AC /* Debug */,
				AA3B66B01E12B40C005480AC /* Release */,
			);
			defaultConfigurationIsVisible = 0;
		};
		AA3B66B11E12B40C005480AC /* Build configuration list for PBXNativeTarget "ExampleProjectUITests" */ = {
			isa = XCConfigurationList;
			buildConfigurations = (
				AA3B66B21E12B40C005480AC /* Debug */,
				AA3B66B31E12B40C005480AC /* Release */,
			);
			defaultConfigurationIsVisible = 0;
		};
/* End XCConfigurationList section */
	};
	rootObject = AA3B66761E12B40C005480AC /* Project object */;
}
